
Microsoft Visual Studio Solution File, Format Version 12.00
# Visual Studio 2012
Project("{FAE04EC0-301F-11D3-BF4B-00C04F79EFBC}") = "Modulo3Lesson4", "Modulo3Lesson4\Modulo3Lesson4.csproj", "{C00BB58E-AAF9-4F90-8144-D89542E140C8}"
EndProject
Global
	GlobalSection(SolutionConfigurationPlatforms) = preSolution
		Debug|iPhoneSimulator = Debug|iPhoneSimulator
		Release|iPhone = Release|iPhone
		Release|iPhoneSimulator = Release|iPhoneSimulator
		Debug|iPhone = Debug|iPhone
	EndGlobalSection
	GlobalSection(ProjectConfigurationPlatforms) = postSolution
		{C00BB58E-AAF9-4F90-8144-D89542E140C8}.Debug|iPhoneSimulator.ActiveCfg = Debug|iPhoneSimulator
		{C00BB58E-AAF9-4F90-8144-D89542E140C8}.Debug|iPhoneSimulator.Build.0 = Debug|iPhoneSimulator
		{C00BB58E-AAF9-4F90-8144-D89542E140C8}.Release|iPhone.ActiveCfg = Release|iPhone
		{C00BB58E-AAF9-4F90-8144-D89542E140C8}.Release|iPhone.Build.0 = Release|iPhone
		{C00BB58E-AAF9-4F90-8144-D89542E140C8}.Release|iPhoneSimulator.ActiveCfg = Release|iPhoneSimulator
		{C00BB58E-AAF9-4F90-8144-D89542E140C8}.Release|iPhoneSimulator.Build.0 = Release|iPhoneSimulator
		{C00BB58E-AAF9-4F90-8144-D89542E140C8}.Debug|iPhone.ActiveCfg = Debug|iPhone
		{C00BB58E-AAF9-4F90-8144-D89542E140C8}.Debug|iPhone.Build.0 = Debug|iPhone
	EndGlobalSection
EndGlobal
